
Microsoft Visual Studio Solution File, Format Version 12.00
# Visual Studio Version 17
VisualStudioVersion = 17.0.31903.59
MinimumVisualStudioVersion = 10.0.40219.1
Project("{FAE04EC0-301F-11D3-BF4B-00C04F79EFBC}") = "Iskra.Maui", "src\Iskra.Maui\Iskra.Maui.csproj", "{A1B2C3D4-E5F6-7890-ABCD-EF1234567890}"
EndProject
Project("{2150E333-8FDC-42A3-9474-1A3956D46DE8}") = "Misc", "Misc", "{1DE7B355-CBA8-4D4A-BF35-BAC109523CD6}"
	ProjectSection(SolutionItems) = preProject
		Misc\new_chat.aup3 = Misc\new_chat.aup3
		Misc\new_chat.ogg = Misc\new_chat.ogg
	EndProjectSection
EndProject
Project("{2150E333-8FDC-42A3-9474-1A3956D46DE8}") = "ShortP2P", "ShortP2P", "{7B914EAE-C9F9-A150-68B6-A106542EEA13}"
EndProject
Project("{FAE04EC0-301F-11D3-BF4B-00C04F79EFBC}") = "ShortP2P.Crypto", "ShortP2P\ShortP2P.Crypto\ShortP2P.Crypto.csproj", "{DA084E1B-9572-4752-A1FC-183A1B17F928}"
EndProject
Project("{FAE04EC0-301F-11D3-BF4B-00C04F79EFBC}") = "ShortP2P.Auth", "ShortP2P\src\ShortP2P.Auth\ShortP2P.Auth.csproj", "{54FDE66F-2C42-4806-84CF-F30E75FE29DD}"
EndProject
Project("{FAE04EC0-301F-11D3-BF4B-00C04F79EFBC}") = "ShortP2P.Client", "ShortP2P\src\ShortP2P.Client\ShortP2P.Client.csproj", "{0DA8E6C9-9605-43E5-8B76-89CAD6F7475B}"
EndProject
Project("{FAE04EC0-301F-11D3-BF4B-00C04F79EFBC}") = "ShortP2P.Transport", "ShortP2P\src\ShortP2P.Transport\ShortP2P.Transport.csproj", "{0952396A-4AFD-49F5-9F59-20BC06E57C88}"
EndProject
Project("{FAE04EC0-301F-11D3-BF4B-00C04F79EFBC}") = "ShortP2P.Transport.Abstractions", "ShortP2P\src\ShortP2P.Transport.Abstractions\ShortP2P.Transport.Abstractions.csproj", "{5061A5FB-753E-4F0F-BFA5-4CEB253BDBB7}"
EndProject
Project("{FAE04EC0-301F-11D3-BF4B-00C04F79EFBC}") = "ShortP2P.Messenger", "ShortP2P\src\ShortP2P.Messenger\ShortP2P.Messenger.csproj", "{FB8103AF-8C5F-4EE7-B059-65192C692D90}"
EndProject
Project("{FAE04EC0-301F-11D3-BF4B-00C04F79EFBC}") = "ShortP2P.Discovery", "ShortP2P\src\ShortP2P.Discovery\ShortP2P.Discovery.csproj", "{43D26FD6-1DA4-4575-A3A2-36A117EB0342}"
EndProject
Project("{FAE04EC0-301F-11D3-BF4B-00C04F79EFBC}") = "ShortP2P.TrustSystem", "ShortP2P\src\ShortP2P.TrustSystem\ShortP2P.TrustSystem.csproj", "{716CC0F2-6389-42DE-B52C-C6B75BA96D11}"
EndProject
Project("{FAE04EC0-301F-11D3-BF4B-00C04F79EFBC}") = "ShortP2P.MessengerServer.Http", "ShortP2P\src\Server\ShortP2P.MessengerServer.Http\ShortP2P.MessengerServer.Http.csproj", "{3AE8A5B9-D758-4FDC-BE52-97F309042BF5}"
EndProject
Project("{FAE04EC0-301F-11D3-BF4B-00C04F79EFBC}") = "ShortP2P.MessengerServer.Contracts", "ShortP2P\src\Server\ShortP2P.MessengerServer.Contracts\ShortP2P.MessengerServer.Contracts.csproj", "{1F21D42B-702A-4620-BE93-92B1280637B0}"
EndProject
Project("{FAE04EC0-301F-11D3-BF4B-00C04F79EFBC}") = "ShortP2P.Transport.Bluetooth.Windows", "ShortP2P\src\ShortP2P.Transport.Bluetooth.Windows\ShortP2P.Transport.Bluetooth.Windows.csproj", "{B131168D-A243-480C-827B-D179DDAD4A5D}"
EndProject
Project("{FAE04EC0-301F-11D3-BF4B-00C04F79EFBC}") = "ShortP2P.Transport.Bluetooth.Android", "ShortP2P\src\ShortP2P.Transport.Bluetooth.Android\ShortP2P.Transport.Bluetooth.Android.csproj", "{E9FCEC78-FBE3-4E29-B85A-91005856C5A5}"
EndProject
Project("{2150E333-8FDC-42A3-9474-1A3956D46DE8}") = "Server", "Server", "{57F5F539-44B8-C3E0-8275-F8861B64FA84}"
EndProject
Global
	GlobalSection(SolutionConfigurationPlatforms) = preSolution
		Debug|Any CPU = Debug|Any CPU
		Debug|x64 = Debug|x64
		Debug|ARM64 = Debug|ARM64
		Release|Any CPU = Release|Any CPU
		Release|x64 = Release|x64
		Release|ARM64 = Release|ARM64
	EndGlobalSection
	GlobalSection(ProjectConfigurationPlatforms) = postSolution
		{A1B2C3D4-E5F6-7890-ABCD-EF1234567890}.Debug|Any CPU.ActiveCfg = Debug|Any CPU
		{A1B2C3D4-E5F6-7890-ABCD-EF1234567890}.Debug|Any CPU.Build.0 = Debug|Any CPU
		{A1B2C3D4-E5F6-7890-ABCD-EF1234567890}.Debug|Any CPU.Deploy.0 = Debug|Any CPU
		{A1B2C3D4-E5F6-7890-ABCD-EF1234567890}.Debug|x64.ActiveCfg = Debug|x64
		{A1B2C3D4-E5F6-7890-ABCD-EF1234567890}.Debug|x64.Build.0 = Debug|x64
		{A1B2C3D4-E5F6-7890-ABCD-EF1234567890}.Debug|x64.Deploy.0 = Debug|x64
		{A1B2C3D4-E5F6-7890-ABCD-EF1234567890}.Debug|ARM64.ActiveCfg = Debug|ARM64
		{A1B2C3D4-E5F6-7890-ABCD-EF1234567890}.Debug|ARM64.Build.0 = Debug|ARM64
		{A1B2C3D4-E5F6-7890-ABCD-EF1234567890}.Debug|ARM64.Deploy.0 = Debug|ARM64
		{A1B2C3D4-E5F6-7890-ABCD-EF1234567890}.Release|Any CPU.ActiveCfg = Release|Any CPU
		{A1B2C3D4-E5F6-7890-ABCD-EF1234567890}.Release|Any CPU.Build.0 = Release|Any CPU
		{A1B2C3D4-E5F6-7890-ABCD-EF1234567890}.Release|Any CPU.Deploy.0 = Release|Any CPU
		{A1B2C3D4-E5F6-7890-ABCD-EF1234567890}.Release|x64.ActiveCfg = Release|x64
		{A1B2C3D4-E5F6-7890-ABCD-EF1234567890}.Release|x64.Build.0 = Release|x64
		{A1B2C3D4-E5F6-7890-ABCD-EF1234567890}.Release|x64.Deploy.0 = Release|x64
		{A1B2C3D4-E5F6-7890-ABCD-EF1234567890}.Release|ARM64.ActiveCfg = Release|ARM64
		{A1B2C3D4-E5F6-7890-ABCD-EF1234567890}.Release|ARM64.Build.0 = Release|ARM64
		{A1B2C3D4-E5F6-7890-ABCD-EF1234567890}.Release|ARM64.Deploy.0 = Release|ARM64
		{DA084E1B-9572-4752-A1FC-183A1B17F928}.Debug|Any CPU.ActiveCfg = Debug|Any CPU
		{DA084E1B-9572-4752-A1FC-183A1B17F928}.Debug|Any CPU.Build.0 = Debug|Any CPU
		{DA084E1B-9572-4752-A1FC-183A1B17F928}.Debug|x64.ActiveCfg = Debug|Any CPU
		{DA084E1B-9572-4752-A1FC-183A1B17F928}.Debug|x64.Build.0 = Debug|Any CPU
		{DA084E1B-9572-4752-A1FC-183A1B17F928}.Debug|ARM64.ActiveCfg = Debug|Any CPU
		{DA084E1B-9572-4752-A1FC-183A1B17F928}.Debug|ARM64.Build.0 = Debug|Any CPU
		{DA084E1B-9572-4752-A1FC-183A1B17F928}.Release|Any CPU.ActiveCfg = Release|Any CPU
		{DA084E1B-9572-4752-A1FC-183A1B17F928}.Release|Any CPU.Build.0 = Release|Any CPU
		{DA084E1B-9572-4752-A1FC-183A1B17F928}.Release|x64.ActiveCfg = Release|Any CPU
		{DA084E1B-9572-4752-A1FC-183A1B17F928}.Release|x64.Build.0 = Release|Any CPU
		{DA084E1B-9572-4752-A1FC-183A1B17F928}.Release|ARM64.ActiveCfg = Release|Any CPU
		{DA084E1B-9572-4752-A1FC-183A1B17F928}.Release|ARM64.Build.0 = Release|Any CPU
		{54FDE66F-2C42-4806-84CF-F30E75FE29DD}.Debug|Any CPU.ActiveCfg = Debug|Any CPU
		{54FDE66F-2C42-4806-84CF-F30E75FE29DD}.Debug|Any CPU.Build.0 = Debug|Any CPU
		{54FDE66F-2C42-4806-84CF-F30E75FE29DD}.Debug|x64.ActiveCfg = Debug|Any CPU
		{54FDE66F-2C42-4806-84CF-F30E75FE29DD}.Debug|x64.Build.0 = Debug|Any CPU
		{54FDE66F-2C42-4806-84CF-F30E75FE29DD}.Debug|ARM64.ActiveCfg = Debug|Any CPU
		{54FDE66F-2C42-4806-84CF-F30E75FE29DD}.Debug|ARM64.Build.0 = Debug|Any CPU
		{54FDE66F-2C42-4806-84CF-F30E75FE29DD}.Release|Any CPU.ActiveCfg = Release|Any CPU
		{54FDE66F-2C42-4806-84CF-F30E75FE29DD}.Release|Any CPU.Build.0 = Release|Any CPU
		{54FDE66F-2C42-4806-84CF-F30E75FE29DD}.Release|x64.ActiveCfg = Release|Any CPU
		{54FDE66F-2C42-4806-84CF-F30E75FE29DD}.Release|x64.Build.0 = Release|Any CPU
		{54FDE66F-2C42-4806-84CF-F30E75FE29DD}.Release|ARM64.ActiveCfg = Release|Any CPU
		{54FDE66F-2C42-4806-84CF-F30E75FE29DD}.Release|ARM64.Build.0 = Release|Any CPU
		{0DA8E6C9-9605-43E5-8B76-89CAD6F7475B}.Debug|Any CPU.ActiveCfg = Debug|Any CPU
		{0DA8E6C9-9605-43E5-8B76-89CAD6F7475B}.Debug|Any CPU.Build.0 = Debug|Any CPU
		{0DA8E6C9-9605-43E5-8B76-89CAD6F7475B}.Debug|x64.ActiveCfg = Debug|Any CPU
		{0DA8E6C9-9605-43E5-8B76-89CAD6F7475B}.Debug|x64.Build.0 = Debug|Any CPU
		{0DA8E6C9-9605-43E5-8B76-89CAD6F7475B}.Debug|ARM64.ActiveCfg = Debug|Any CPU
		{0DA8E6C9-9605-43E5-8B76-89CAD6F7475B}.Debug|ARM64.Build.0 = Debug|Any CPU
		{0DA8E6C9-9605-43E5-8B76-89CAD6F7475B}.Release|Any CPU.ActiveCfg = Release|Any CPU
		{0DA8E6C9-9605-43E5-8B76-89CAD6F7475B}.Release|Any CPU.Build.0 = Release|Any CPU
		{0DA8E6C9-9605-43E5-8B76-89CAD6F7475B}.Release|x64.ActiveCfg = Release|Any CPU
		{0DA8E6C9-9605-43E5-8B76-89CAD6F7475B}.Release|x64.Build.0 = Release|Any CPU
		{0DA8E6C9-9605-43E5-8B76-89CAD6F7475B}.Release|ARM64.ActiveCfg = Release|Any CPU
		{0DA8E6C9-9605-43E5-8B76-89CAD6F7475B}.Release|ARM64.Build.0 = Release|Any CPU
		{0952396A-4AFD-49F5-9F59-20BC06E57C88}.Debug|Any CPU.ActiveCfg = Debug|Any CPU
		{0952396A-4AFD-49F5-9F59-20BC06E57C88}.Debug|Any CPU.Build.0 = Debug|Any CPU
		{0952396A-4AFD-49F5-9F59-20BC06E57C88}.Debug|x64.ActiveCfg = Debug|Any CPU
		{0952396A-4AFD-49F5-9F59-20BC06E57C88}.Debug|x64.Build.0 = Debug|Any CPU
		{0952396A-4AFD-49F5-9F59-20BC06E57C88}.Debug|ARM64.ActiveCfg = Debug|Any CPU
		{0952396A-4AFD-49F5-9F59-20BC06E57C88}.Debug|ARM64.Build.0 = Debug|Any CPU
		{0952396A-4AFD-49F5-9F59-20BC06E57C88}.Release|Any CPU.ActiveCfg = Release|Any CPU
		{0952396A-4AFD-49F5-9F59-20BC06E57C88}.Release|Any CPU.Build.0 = Release|Any CPU
		{0952396A-4AFD-49F5-9F59-20BC06E57C88}.Release|x64.ActiveCfg = Release|Any CPU
		{0952396A-4AFD-49F5-9F59-20BC06E57C88}.Release|x64.Build.0 = Release|Any CPU
		{0952396A-4AFD-49F5-9F59-20BC06E57C88}.Release|ARM64.ActiveCfg = Release|Any CPU
		{0952396A-4AFD-49F5-9F59-20BC06E57C88}.Release|ARM64.Build.0 = Release|Any CPU
		{5061A5FB-753E-4F0F-BFA5-4CEB253BDBB7}.Debug|Any CPU.ActiveCfg = Debug|Any CPU
		{5061A5FB-753E-4F0F-BFA5-4CEB253BDBB7}.Debug|Any CPU.Build.0 = Debug|Any CPU
		{5061A5FB-753E-4F0F-BFA5-4CEB253BDBB7}.Debug|x64.ActiveCfg = Debug|Any CPU
		{5061A5FB-753E-4F0F-BFA5-4CEB253BDBB7}.Debug|x64.Build.0 = Debug|Any CPU
		{5061A5FB-753E-4F0F-BFA5-4CEB253BDBB7}.Debug|ARM64.ActiveCfg = Debug|Any CPU
		{5061A5FB-753E-4F0F-BFA5-4CEB253BDBB7}.Debug|ARM64.Build.0 = Debug|Any CPU
		{5061A5FB-753E-4F0F-BFA5-4CEB253BDBB7}.Release|Any CPU.ActiveCfg = Release|Any CPU
		{5061A5FB-753E-4F0F-BFA5-4CEB253BDBB7}.Release|Any CPU.Build.0 = Release|Any CPU
		{5061A5FB-753E-4F0F-BFA5-4CEB253BDBB7}.Release|x64.ActiveCfg = Release|Any CPU
		{5061A5FB-753E-4F0F-BFA5-4CEB253BDBB7}.Release|x64.Build.0 = Release|Any CPU
		{5061A5FB-753E-4F0F-BFA5-4CEB253BDBB7}.Release|ARM64.ActiveCfg = Release|Any CPU
		{5061A5FB-753E-4F0F-BFA5-4CEB253BDBB7}.Release|ARM64.Build.0 = Release|Any CPU
		{FB8103AF-8C5F-4EE7-B059-65192C692D90}.Debug|Any CPU.ActiveCfg = Debug|Any CPU
		{FB8103AF-8C5F-4EE7-B059-65192C692D90}.Debug|Any CPU.Build.0 = Debug|Any CPU
		{FB8103AF-8C5F-4EE7-B059-65192C692D90}.Debug|x64.ActiveCfg = Debug|Any CPU
		{FB8103AF-8C5F-4EE7-B059-65192C692D90}.Debug|x64.Build.0 = Debug|Any CPU
		{FB8103AF-8C5F-4EE7-B059-65192C692D90}.Debug|ARM64.ActiveCfg = Debug|Any CPU
		{FB8103AF-8C5F-4EE7-B059-65192C692D90}.Debug|ARM64.Build.0 = Debug|Any CPU
		{FB8103AF-8C5F-4EE7-B059-65192C692D90}.Release|Any CPU.ActiveCfg = Release|Any CPU
		{FB8103AF-8C5F-4EE7-B059-65192C692D90}.Release|Any CPU.Build.0 = Release|Any CPU
		{FB8103AF-8C5F-4EE7-B059-65192C692D90}.Release|x64.ActiveCfg = Release|Any CPU
		{FB8103AF-8C5F-4EE7-B059-65192C692D90}.Release|x64.Build.0 = Release|Any CPU
		{FB8103AF-8C5F-4EE7-B059-65192C692D90}.Release|ARM64.ActiveCfg = Release|Any CPU
		{FB8103AF-8C5F-4EE7-B059-65192C692D90}.Release|ARM64.Build.0 = Release|Any CPU
		{43D26FD6-1DA4-4575-A3A2-36A117EB0342}.Debug|Any CPU.ActiveCfg = Debug|Any CPU
		{43D26FD6-1DA4-4575-A3A2-36A117EB0342}.Debug|Any CPU.Build.0 = Debug|Any CPU
		{43D26FD6-1DA4-4575-A3A2-36A117EB0342}.Debug|x64.ActiveCfg = Debug|Any CPU
		{43D26FD6-1DA4-4575-A3A2-36A117EB0342}.Debug|x64.Build.0 = Debug|Any CPU
		{43D26FD6-1DA4-4575-A3A2-36A117EB0342}.Debug|ARM64.ActiveCfg = Debug|Any CPU
		{43D26FD6-1DA4-4575-A3A2-36A117EB0342}.Debug|ARM64.Build.0 = Debug|Any CPU
		{43D26FD6-1DA4-4575-A3A2-36A117EB0342}.Release|Any CPU.ActiveCfg = Release|Any CPU
		{43D26FD6-1DA4-4575-A3A2-36A117EB0342}.Release|Any CPU.Build.0 = Release|Any CPU
		{43D26FD6-1DA4-4575-A3A2-36A117EB0342}.Release|x64.ActiveCfg = Release|Any CPU
		{43D26FD6-1DA4-4575-A3A2-36A117EB0342}.Release|x64.Build.0 = Release|Any CPU
		{43D26FD6-1DA4-4575-A3A2-36A117EB0342}.Release|ARM64.ActiveCfg = Release|Any CPU
		{43D26FD6-1DA4-4575-A3A2-36A117EB0342}.Release|ARM64.Build.0 = Release|Any CPU
		{716CC0F2-6389-42DE-B52C-C6B75BA96D11}.Debug|Any CPU.ActiveCfg = Debug|Any CPU
		{716CC0F2-6389-42DE-B52C-C6B75BA96D11}.Debug|Any CPU.Build.0 = Debug|Any CPU
		{716CC0F2-6389-42DE-B52C-C6B75BA96D11}.Debug|x64.ActiveCfg = Debug|Any CPU
		{716CC0F2-6389-42DE-B52C-C6B75BA96D11}.Debug|x64.Build.0 = Debug|Any CPU
		{716CC0F2-6389-42DE-B52C-C6B75BA96D11}.Debug|ARM64.ActiveCfg = Debug|Any CPU
		{716CC0F2-6389-42DE-B52C-C6B75BA96D11}.Debug|ARM64.Build.0 = Debug|Any CPU
		{716CC0F2-6389-42DE-B52C-C6B75BA96D11}.Release|Any CPU.ActiveCfg = Release|Any CPU
		{716CC0F2-6389-42DE-B52C-C6B75BA96D11}.Release|Any CPU.Build.0 = Release|Any CPU
		{716CC0F2-6389-42DE-B52C-C6B75BA96D11}.Release|x64.ActiveCfg = Release|Any CPU
		{716CC0F2-6389-42DE-B52C-C6B75BA96D11}.Release|x64.Build.0 = Release|Any CPU
		{716CC0F2-6389-42DE-B52C-C6B75BA96D11}.Release|ARM64.ActiveCfg = Release|Any CPU
		{716CC0F2-6389-42DE-B52C-C6B75BA96D11}.Release|ARM64.Build.0 = Release|Any CPU
		{3AE8A5B9-D758-4FDC-BE52-97F309042BF5}.Debug|Any CPU.ActiveCfg = Debug|Any CPU
		{3AE8A5B9-D758-4FDC-BE52-97F309042BF5}.Debug|Any CPU.Build.0 = Debug|Any CPU
		{3AE8A5B9-D758-4FDC-BE52-97F309042BF5}.Debug|x64.ActiveCfg = Debug|Any CPU
		{3AE8A5B9-D758-4FDC-BE52-97F309042BF5}.Debug|x64.Build.0 = Debug|Any CPU
		{3AE8A5B9-D758-4FDC-BE52-97F309042BF5}.Debug|ARM64.ActiveCfg = Debug|Any CPU
		{3AE8A5B9-D758-4FDC-BE52-97F309042BF5}.Debug|ARM64.Build.0 = Debug|Any CPU
		{3AE8A5B9-D758-4FDC-BE52-97F309042BF5}.Release|Any CPU.ActiveCfg = Release|Any CPU
		{3AE8A5B9-D758-4FDC-BE52-97F309042BF5}.Release|Any CPU.Build.0 = Release|Any CPU
		{3AE8A5B9-D758-4FDC-BE52-97F309042BF5}.Release|x64.ActiveCfg = Release|Any CPU
		{3AE8A5B9-D758-4FDC-BE52-97F309042BF5}.Release|x64.Build.0 = Release|Any CPU
		{3AE8A5B9-D758-4FDC-BE52-97F309042BF5}.Release|ARM64.ActiveCfg = Release|Any CPU
		{3AE8A5B9-D758-4FDC-BE52-97F309042BF5}.Release|ARM64.Build.0 = Release|Any CPU
		{1F21D42B-702A-4620-BE93-92B1280637B0}.Debug|Any CPU.ActiveCfg = Debug|Any CPU
		{1F21D42B-702A-4620-BE93-92B1280637B0}.Debug|Any CPU.Build.0 = Debug|Any CPU
		{1F21D42B-702A-4620-BE93-92B1280637B0}.Debug|x64.ActiveCfg = Debug|Any CPU
		{1F21D42B-702A-4620-BE93-92B1280637B0}.Debug|x64.Build.0 = Debug|Any CPU
		{1F21D42B-702A-4620-BE93-92B1280637B0}.Debug|ARM64.ActiveCfg = Debug|Any CPU
		{1F21D42B-702A-4620-BE93-92B1280637B0}.Debug|ARM64.Build.0 = Debug|Any CPU
		{1F21D42B-702A-4620-BE93-92B1280637B0}.Release|Any CPU.ActiveCfg = Release|Any CPU
		{1F21D42B-702A-4620-BE93-92B1280637B0}.Release|Any CPU.Build.0 = Release|Any CPU
		{1F21D42B-702A-4620-BE93-92B1280637B0}.Release|x64.ActiveCfg = Release|Any CPU
		{1F21D42B-702A-4620-BE93-92B1280637B0}.Release|x64.Build.0 = Release|Any CPU
		{1F21D42B-702A-4620-BE93-92B1280637B0}.Release|ARM64.ActiveCfg = Release|Any CPU
		{1F21D42B-702A-4620-BE93-92B1280637B0}.Release|ARM64.Build.0 = Release|Any CPU
		{B131168D-A243-480C-827B-D179DDAD4A5D}.Debug|Any CPU.ActiveCfg = Debug|Any CPU
		{B131168D-A243-480C-827B-D179DDAD4A5D}.Debug|Any CPU.Build.0 = Debug|Any CPU
		{B131168D-A243-480C-827B-D179DDAD4A5D}.Debug|x64.ActiveCfg = Debug|Any CPU
		{B131168D-A243-480C-827B-D179DDAD4A5D}.Debug|x64.Build.0 = Debug|Any CPU
		{B131168D-A243-480C-827B-D179DDAD4A5D}.Debug|ARM64.ActiveCfg = Debug|Any CPU
		{B131168D-A243-480C-827B-D179DDAD4A5D}.Debug|ARM64.Build.0 = Debug|Any CPU
		{B131168D-A243-480C-827B-D179DDAD4A5D}.Release|Any CPU.ActiveCfg = Release|Any CPU
		{B131168D-A243-480C-827B-D179DDAD4A5D}.Release|Any CPU.Build.0 = Release|Any CPU
		{B131168D-A243-480C-827B-D179DDAD4A5D}.Release|x64.ActiveCfg = Release|Any CPU
		{B131168D-A243-480C-827B-D179DDAD4A5D}.Release|x64.Build.0 = Release|Any CPU
		{B131168D-A243-480C-827B-D179DDAD4A5D}.Release|ARM64.ActiveCfg = Release|Any CPU
		{B131168D-A243-480C-827B-D179DDAD4A5D}.Release|ARM64.Build.0 = Release|Any CPU
		{E9FCEC78-FBE3-4E29-B85A-91005856C5A5}.Debug|Any CPU.ActiveCfg = Debug|Any CPU
		{E9FCEC78-FBE3-4E29-B85A-91005856C5A5}.Debug|Any CPU.Build.0 = Debug|Any CPU
		{E9FCEC78-FBE3-4E29-B85A-91005856C5A5}.Debug|x64.ActiveCfg = Debug|Any CPU
		{E9FCEC78-FBE3-4E29-B85A-91005856C5A5}.Debug|x64.Build.0 = Debug|Any CPU
		{E9FCEC78-FBE3-4E29-B85A-91005856C5A5}.Debug|ARM64.ActiveCfg = Debug|Any CPU
		{E9FCEC78-FBE3-4E29-B85A-91005856C5A5}.Debug|ARM64.Build.0 = Debug|Any CPU
		{E9FCEC78-FBE3-4E29-B85A-91005856C5A5}.Release|Any CPU.ActiveCfg = Release|Any CPU
		{E9FCEC78-FBE3-4E29-B85A-91005856C5A5}.Release|Any CPU.Build.0 = Release|Any CPU
		{E9FCEC78-FBE3-4E29-B85A-91005856C5A5}.Release|x64.ActiveCfg = Release|Any CPU
		{E9FCEC78-FBE3-4E29-B85A-91005856C5A5}.Release|x64.Build.0 = Release|Any CPU
		{E9FCEC78-FBE3-4E29-B85A-91005856C5A5}.Release|ARM64.ActiveCfg = Release|Any CPU
		{E9FCEC78-FBE3-4E29-B85A-91005856C5A5}.Release|ARM64.Build.0 = Release|Any CPU
	EndGlobalSection
	GlobalSection(SolutionProperties) = preSolution
		HideSolutionNode = FALSE
	EndGlobalSection
	GlobalSection(NestedProjects) = preSolution
		{DA084E1B-9572-4752-A1FC-183A1B17F928} = {7B914EAE-C9F9-A150-68B6-A106542EEA13}
		{54FDE66F-2C42-4806-84CF-F30E75FE29DD} = {7B914EAE-C9F9-A150-68B6-A106542EEA13}
		{0DA8E6C9-9605-43E5-8B76-89CAD6F7475B} = {7B914EAE-C9F9-A150-68B6-A106542EEA13}
		{0952396A-4AFD-49F5-9F59-20BC06E57C88} = {7B914EAE-C9F9-A150-68B6-A106542EEA13}
		{5061A5FB-753E-4F0F-BFA5-4CEB253BDBB7} = {7B914EAE-C9F9-A150-68B6-A106542EEA13}
		{FB8103AF-8C5F-4EE7-B059-65192C692D90} = {7B914EAE-C9F9-A150-68B6-A106542EEA13}
		{43D26FD6-1DA4-4575-A3A2-36A117EB0342} = {7B914EAE-C9F9-A150-68B6-A106542EEA13}
		{716CC0F2-6389-42DE-B52C-C6B75BA96D11} = {7B914EAE-C9F9-A150-68B6-A106542EEA13}
		{3AE8A5B9-D758-4FDC-BE52-97F309042BF5} = {57F5F539-44B8-C3E0-8275-F8861B64FA84}
		{1F21D42B-702A-4620-BE93-92B1280637B0} = {57F5F539-44B8-C3E0-8275-F8861B64FA84}
		{B131168D-A243-480C-827B-D179DDAD4A5D} = {7B914EAE-C9F9-A150-68B6-A106542EEA13}
		{E9FCEC78-FBE3-4E29-B85A-91005856C5A5} = {7B914EAE-C9F9-A150-68B6-A106542EEA13}
		{57F5F539-44B8-C3E0-8275-F8861B64FA84} = {7B914EAE-C9F9-A150-68B6-A106542EEA13}
	EndGlobalSection
EndGlobal
